
Microsoft Visual Studio Solution File, Format Version 12.00
# Visual Studio 15
VisualStudioVersion = 15.0.27004.2005
MinimumVisualStudioVersion = 10.0.40219.1
Project("{FAE04EC0-301F-11D3-BF4B-00C04F79EFBC}") = "Remote.Infrastructure", "Remote.Infrestrure\Remote.Infrastructure.csproj", "{888EF1C5-C7F6-44BA-BAD2-23C2368E3A6D}"
EndProject
Project("{FAE04EC0-301F-11D3-BF4B-00C04F79EFBC}") = "Wpf.Infrastructure", "Wpf.Inferstructure\Wpf.Infrastructure.csproj", "{502F30D2-337D-43EA-949A-8D8825801FDA}"
EndProject
Project("{2150E333-8FDC-42A3-9474-1A3956D46DE8}") = "WCFInterfaces", "WCFInterfaces", "{FB30301C-5D48-4193-BBF5-BAC6E11277F9}"
EndProject
Project("{2150E333-8FDC-42A3-9474-1A3956D46DE8}") = "Clients", "Clients", "{7CAF17D0-87DB-4320-BDE5-F51214BF4CBD}"
EndProject
Project("{FAE04EC0-301F-11D3-BF4B-00C04F79EFBC}") = "Server2Client.Interfaces", "WCFInterfaces\Server2Client.Interfaces\Server2Client.Interfaces.csproj", "{087A16B5-33C1-4FE0-AD18-5EB2D9494442}"
EndProject
Project("{FAE04EC0-301F-11D3-BF4B-00C04F79EFBC}") = "Client2Server.Interfaces", "WCFInterfaces\Client2Server.Interfaces\Client2Server.Interfaces.csproj", "{8AF40FF7-2603-46AC-B9A1-8662A42B0B94}"
EndProject
Project("{2150E333-8FDC-42A3-9474-1A3956D46DE8}") = "TestHostForMetaData", "TestHostForMetaData", "{4E604E0F-66D3-4CC1-98A1-B88ED352847D}"
EndProject
Project("{FAE04EC0-301F-11D3-BF4B-00C04F79EFBC}") = "TestHostServer2ClientInterfaces", "TestHostForMetaData\TestHostServer2ClientInterfaces\TestHostServer2ClientInterfaces.csproj", "{BFA18CAE-8945-41B6-A22B-606A608E1105}"
EndProject
Project("{FAE04EC0-301F-11D3-BF4B-00C04F79EFBC}") = "TestHostClient2ServerInterfaces", "TestHostForMetaData\TestHostClient2ServerInterfaces\TestHostClient2ServerInterfaces.csproj", "{BFFD8CCD-74A2-4127-A4E6-A6AFB42C78B8}"
EndProject
Project("{FAE04EC0-301F-11D3-BF4B-00C04F79EFBC}") = "RemoteClient.Beta", "RemoteClient.Beta\RemoteClient.Beta.csproj", "{BB820630-6FEA-4E13-B554-E3DE8A872E15}"
EndProject
Project("{FAE04EC0-301F-11D3-BF4B-00C04F79EFBC}") = "RemoteClient.Inferstructure", "RemoteClient.Inferstructure\RemoteClient.Inferstructure.csproj", "{15684C8C-28C9-45EA-AC5F-7A3D580E984C}"
EndProject
Project("{2150E333-8FDC-42A3-9474-1A3956D46DE8}") = "FileTransfer", "FileTransfer", "{DB6A619D-2753-40FD-B328-B7FECBA3CD06}"
EndProject
Project("{FAE04EC0-301F-11D3-BF4B-00C04F79EFBC}") = "FileTransfer.Infrastructure", "FileTransfer.Inferstructure\FileTransfer.Infrastructure.csproj", "{42C26825-6D06-4EA8-949E-7BB8A4042CE6}"
EndProject
Project("{FAE04EC0-301F-11D3-BF4B-00C04F79EFBC}") = "FileTransfer.WcfClient", "FileTransfer.WcfClient\FileTransfer.WcfClient.csproj", "{D4FE5753-88D6-40BF-AC99-C8C58E9EED2D}"
EndProject
Project("{2150E333-8FDC-42A3-9474-1A3956D46DE8}") = "Test", "Test", "{F7032926-2965-4DE4-BC4A-6D2FFE619ABC}"
EndProject
Project("{FAE04EC0-301F-11D3-BF4B-00C04F79EFBC}") = "FileTransfer.Test", "Test\FileTransfer.Test.csproj", "{25DE1CD2-0941-4E40-A889-EA47F433A48B}"
EndProject
Global
	GlobalSection(SolutionConfigurationPlatforms) = preSolution
		Debug|Any CPU = Debug|Any CPU
		Release|Any CPU = Release|Any CPU
	EndGlobalSection
	GlobalSection(ProjectConfigurationPlatforms) = postSolution
		{888EF1C5-C7F6-44BA-BAD2-23C2368E3A6D}.Debug|Any CPU.ActiveCfg = Debug|Any CPU
		{888EF1C5-C7F6-44BA-BAD2-23C2368E3A6D}.Debug|Any CPU.Build.0 = Debug|Any CPU
		{888EF1C5-C7F6-44BA-BAD2-23C2368E3A6D}.Release|Any CPU.ActiveCfg = Release|Any CPU
		{888EF1C5-C7F6-44BA-BAD2-23C2368E3A6D}.Release|Any CPU.Build.0 = Release|Any CPU
		{502F30D2-337D-43EA-949A-8D8825801FDA}.Debug|Any CPU.ActiveCfg = Debug|Any CPU
		{502F30D2-337D-43EA-949A-8D8825801FDA}.Debug|Any CPU.Build.0 = Debug|Any CPU
		{502F30D2-337D-43EA-949A-8D8825801FDA}.Release|Any CPU.ActiveCfg = Release|Any CPU
		{502F30D2-337D-43EA-949A-8D8825801FDA}.Release|Any CPU.Build.0 = Release|Any CPU
		{087A16B5-33C1-4FE0-AD18-5EB2D9494442}.Debug|Any CPU.ActiveCfg = Debug|Any CPU
		{087A16B5-33C1-4FE0-AD18-5EB2D9494442}.Debug|Any CPU.Build.0 = Debug|Any CPU
		{087A16B5-33C1-4FE0-AD18-5EB2D9494442}.Release|Any CPU.ActiveCfg = Release|Any CPU
		{087A16B5-33C1-4FE0-AD18-5EB2D9494442}.Release|Any CPU.Build.0 = Release|Any CPU
		{8AF40FF7-2603-46AC-B9A1-8662A42B0B94}.Debug|Any CPU.ActiveCfg = Debug|Any CPU
		{8AF40FF7-2603-46AC-B9A1-8662A42B0B94}.Debug|Any CPU.Build.0 = Debug|Any CPU
		{8AF40FF7-2603-46AC-B9A1-8662A42B0B94}.Release|Any CPU.ActiveCfg = Release|Any CPU
		{8AF40FF7-2603-46AC-B9A1-8662A42B0B94}.Release|Any CPU.Build.0 = Release|Any CPU
		{BFA18CAE-8945-41B6-A22B-606A608E1105}.Debug|Any CPU.ActiveCfg = Debug|Any CPU
		{BFA18CAE-8945-41B6-A22B-606A608E1105}.Debug|Any CPU.Build.0 = Debug|Any CPU
		{BFA18CAE-8945-41B6-A22B-606A608E1105}.Release|Any CPU.ActiveCfg = Release|Any CPU
		{BFA18CAE-8945-41B6-A22B-606A608E1105}.Release|Any CPU.Build.0 = Release|Any CPU
		{BFFD8CCD-74A2-4127-A4E6-A6AFB42C78B8}.Debug|Any CPU.ActiveCfg = Debug|Any CPU
		{BFFD8CCD-74A2-4127-A4E6-A6AFB42C78B8}.Debug|Any CPU.Build.0 = Debug|Any CPU
		{BFFD8CCD-74A2-4127-A4E6-A6AFB42C78B8}.Release|Any CPU.ActiveCfg = Release|Any CPU
		{BFFD8CCD-74A2-4127-A4E6-A6AFB42C78B8}.Release|Any CPU.Build.0 = Release|Any CPU
		{BB820630-6FEA-4E13-B554-E3DE8A872E15}.Debug|Any CPU.ActiveCfg = Debug|Any CPU
		{BB820630-6FEA-4E13-B554-E3DE8A872E15}.Debug|Any CPU.Build.0 = Debug|Any CPU
		{BB820630-6FEA-4E13-B554-E3DE8A872E15}.Release|Any CPU.ActiveCfg = Release|Any CPU
		{BB820630-6FEA-4E13-B554-E3DE8A872E15}.Release|Any CPU.Build.0 = Release|Any CPU
		{15684C8C-28C9-45EA-AC5F-7A3D580E984C}.Debug|Any CPU.ActiveCfg = Debug|Any CPU
		{15684C8C-28C9-45EA-AC5F-7A3D580E984C}.Debug|Any CPU.Build.0 = Debug|Any CPU
		{15684C8C-28C9-45EA-AC5F-7A3D580E984C}.Release|Any CPU.ActiveCfg = Release|Any CPU
		{15684C8C-28C9-45EA-AC5F-7A3D580E984C}.Release|Any CPU.Build.0 = Release|Any CPU
		{42C26825-6D06-4EA8-949E-7BB8A4042CE6}.Debug|Any CPU.ActiveCfg = Debug|Any CPU
		{42C26825-6D06-4EA8-949E-7BB8A4042CE6}.Debug|Any CPU.Build.0 = Debug|Any CPU
		{42C26825-6D06-4EA8-949E-7BB8A4042CE6}.Release|Any CPU.ActiveCfg = Release|Any CPU
		{42C26825-6D06-4EA8-949E-7BB8A4042CE6}.Release|Any CPU.Build.0 = Release|Any CPU
		{D4FE5753-88D6-40BF-AC99-C8C58E9EED2D}.Debug|Any CPU.ActiveCfg = Debug|Any CPU
		{D4FE5753-88D6-40BF-AC99-C8C58E9EED2D}.Debug|Any CPU.Build.0 = Debug|Any CPU
		{D4FE5753-88D6-40BF-AC99-C8C58E9EED2D}.Release|Any CPU.ActiveCfg = Release|Any CPU
		{D4FE5753-88D6-40BF-AC99-C8C58E9EED2D}.Release|Any CPU.Build.0 = Release|Any CPU
		{25DE1CD2-0941-4E40-A889-EA47F433A48B}.Debug|Any CPU.ActiveCfg = Debug|Any CPU
		{25DE1CD2-0941-4E40-A889-EA47F433A48B}.Debug|Any CPU.Build.0 = Debug|Any CPU
		{25DE1CD2-0941-4E40-A889-EA47F433A48B}.Release|Any CPU.ActiveCfg = Release|Any CPU
		{25DE1CD2-0941-4E40-A889-EA47F433A48B}.Release|Any CPU.Build.0 = Release|Any CPU
	EndGlobalSection
	GlobalSection(SolutionProperties) = preSolution
		HideSolutionNode = FALSE
	EndGlobalSection
	GlobalSection(NestedProjects) = preSolution
		{087A16B5-33C1-4FE0-AD18-5EB2D9494442} = {FB30301C-5D48-4193-BBF5-BAC6E11277F9}
		{8AF40FF7-2603-46AC-B9A1-8662A42B0B94} = {FB30301C-5D48-4193-BBF5-BAC6E11277F9}
		{BFA18CAE-8945-41B6-A22B-606A608E1105} = {4E604E0F-66D3-4CC1-98A1-B88ED352847D}
		{BFFD8CCD-74A2-4127-A4E6-A6AFB42C78B8} = {4E604E0F-66D3-4CC1-98A1-B88ED352847D}
		{BB820630-6FEA-4E13-B554-E3DE8A872E15} = {7CAF17D0-87DB-4320-BDE5-F51214BF4CBD}
		{15684C8C-28C9-45EA-AC5F-7A3D580E984C} = {7CAF17D0-87DB-4320-BDE5-F51214BF4CBD}
		{42C26825-6D06-4EA8-949E-7BB8A4042CE6} = {DB6A619D-2753-40FD-B328-B7FECBA3CD06}
		{D4FE5753-88D6-40BF-AC99-C8C58E9EED2D} = {DB6A619D-2753-40FD-B328-B7FECBA3CD06}
		{25DE1CD2-0941-4E40-A889-EA47F433A48B} = {F7032926-2965-4DE4-BC4A-6D2FFE619ABC}
	EndGlobalSection
	GlobalSection(ExtensibilityGlobals) = postSolution
		SolutionGuid = {EA4838AB-3833-4F5F-B2F8-884E44275532}
	EndGlobalSection
EndGlobal
